{
  "name": "pb-tax",
  "version": "1.2.0",
  "lockfileVersion": 2,
  "requires": true,
  "packages": {
    "": {
      "name": "pb-tax",
      "version": "1.2.0",
      "license": "ISC",
      "dependencies": {
        "pb-tax": "^1.2.0"
      }
    },
    "node_modules/pb-tax": {
      "version": "1.2.0",
      "resolved": "https://registry.npmjs.org/pb-tax/-/pb-tax-1.2.0.tgz",
      "integrity": "sha512-HJGJb1qjpY1kHVr1crSZzI/B8Zpqd3yaYvTv/99Xal87RsAkpKvc5/0dHzNJY7ns4/azg8EhBDtKNUTA9STjpw=="
    }
  },
  "dependencies": {
    "pb-tax": {
      "version": "1.2.0",
      "resolved": "https://registry.npmjs.org/pb-tax/-/pb-tax-1.2.0.tgz",
      "integrity": "sha512-HJGJb1qjpY1kHVr1crSZzI/B8Zpqd3yaYvTv/99Xal87RsAkpKvc5/0dHzNJY7ns4/azg8EhBDtKNUTA9STjpw=="
    }
  }
}
